// !$*UTF8*$!
{
	archiveVersion = 1;
	classes = {
	};
	objectVersion = 56;
	objects = {

/* Begin PBXBuildFile section */
		8A3DF33C2BD7DF2100D5F370 /* AppDelegate.swift in Sources */ = {isa = PBXBuildFile; fileRef = 8A3DF33B2BD7DF2100D5F370 /* AppDelegate.swift */; };
		8A3DF33E2BD7DF2100D5F370 /* GameViewController.swift in Sources */ = {isa = PBXBuildFile; fileRef = 8A3DF33D2BD7DF2100D5F370 /* GameViewController.swift */; };
		8A3DF3412BD7DF2100D5F370 /* Base in Resources */ = {isa = PBXBuildFile; fileRef = 8A3DF3402BD7DF2100D5F370 /* Base */; };
		8A3DF3442BD7DF2100D5F370 /* Base in Resources */ = {isa = PBXBuildFile; fileRef = 8A3DF3432BD7DF2100D5F370 /* Base */; };
		8A3DF3452BD7DF2100D5F370 /* Actions.sks in Resources */ = {isa = PBXBuildFile; fileRef = 8A3DF3302BD7DF2000D5F370 /* Actions.sks */; };
		8A3DF3462BD7DF2100D5F370 /* GameScene.sks in Resources */ = {isa = PBXBuildFile; fileRef = 8A3DF3312BD7DF2000D5F370 /* GameScene.sks */; };
		8A3DF3472BD7DF2100D5F370 /* GameScene.swift in Sources */ = {isa = PBXBuildFile; fileRef = 8A3DF3322BD7DF2000D5F370 /* GameScene.swift */; };
		8A3DF3482BD7DF2100D5F370 /* Assets.xcassets in Resources */ = {isa = PBXBuildFile; fileRef = 8A3DF3332BD7DF2100D5F370 /* Assets.xcassets */; };
		8A3DF3592BD8586000D5F370 /* AudioManager.swift in Sources */ = {isa = PBXBuildFile; fileRef = 8A3DF3582BD8586000D5F370 /* AudioManager.swift */; };
		8A3DF35D2BD85B3600D5F370 /* Bink's Sake (Instrumental).mp3 in Resources */ = {isa = PBXBuildFile; fileRef = 8A3DF35C2BD85B3600D5F370 /* Bink's Sake (Instrumental).mp3 */; };
		8A3DF35F2BD85DD700D5F370 /* SecondScene.swift in Sources */ = {isa = PBXBuildFile; fileRef = 8A3DF35E2BD85DD700D5F370 /* SecondScene.swift */; };
		8A3DF3ED2BDD1EA700D5F370 /* SplashScreenViewController.swift in Sources */ = {isa = PBXBuildFile; fileRef = 8A3DF3EC2BDD1EA700D5F370 /* SplashScreenViewController.swift */; };
/* End PBXBuildFile section */

/* Begin PBXFileReference section */
		8A3DF3302BD7DF2000D5F370 /* Actions.sks */ = {isa = PBXFileReference; lastKnownFileType = file.sks; path = Actions.sks; sourceTree = "<group>"; };
		8A3DF3312BD7DF2000D5F370 /* GameScene.sks */ = {isa = PBXFileReference; lastKnownFileType = file.sks; path = GameScene.sks; sourceTree = "<group>"; };
		8A3DF3322BD7DF2000D5F370 /* GameScene.swift */ = {isa = PBXFileReference; lastKnownFileType = sourcecode.swift; path = GameScene.swift; sourceTree = "<group>"; };
		8A3DF3332BD7DF2100D5F370 /* Assets.xcassets */ = {isa = PBXFileReference; lastKnownFileType = folder.assetcatalog; path = Assets.xcassets; sourceTree = "<group>"; };
		8A3DF3382BD7DF2100D5F370 /* Memory.app */ = {isa = PBXFileReference; explicitFileType = wrapper.application; includeInIndex = 0; path = Memory.app; sourceTree = BUILT_PRODUCTS_DIR; };
		8A3DF33B2BD7DF2100D5F370 /* AppDelegate.swift */ = {isa = PBXFileReference; lastKnownFileType = sourcecode.swift; path = AppDelegate.swift; sourceTree = "<group>"; };
		8A3DF33D2BD7DF2100D5F370 /* GameViewController.swift */ = {isa = PBXFileReference; lastKnownFileType = sourcecode.swift; path = GameViewController.swift; sourceTree = "<group>"; };
		8A3DF3402BD7DF2100D5F370 /* Base */ = {isa = PBXFileReference; lastKnownFileType = file.storyboard; name = Base; path = Base.lproj/Main.storyboard; sourceTree = "<group>"; };
		8A3DF3432BD7DF2100D5F370 /* Base */ = {isa = PBXFileReference; lastKnownFileType = file.storyboard; name = Base; path = Base.lproj/LaunchScreen.storyboard; sourceTree = "<group>"; };
		8A3DF3582BD8586000D5F370 /* AudioManager.swift */ = {isa = PBXFileReference; lastKnownFileType = sourcecode.swift; path = AudioManager.swift; sourceTree = "<group>"; };
		8A3DF35C2BD85B3600D5F370 /* Bink's Sake (Instrumental).mp3 */ = {isa = PBXFileReference; lastKnownFileType = audio.mp3; name = "Bink's Sake (Instrumental).mp3"; path = "../../../../Downloads/Bink's Sake (Instrumental).mp3"; sourceTree = "<group>"; };
		8A3DF35E2BD85DD700D5F370 /* SecondScene.swift */ = {isa = PBXFileReference; lastKnownFileType = sourcecode.swift; path = SecondScene.swift; sourceTree = "<group>"; };
		8A3DF3EC2BDD1EA700D5F370 /* SplashScreenViewController.swift */ = {isa = PBXFileReference; lastKnownFileType = sourcecode.swift; path = SplashScreenViewController.swift; sourceTree = "<group>"; };
/* End PBXFileReference section */

/* Begin PBXFrameworksBuildPhase section */
		8A3DF3352BD7DF2100D5F370 /* Frameworks */ = {
			isa = PBXFrameworksBuildPhase;
			buildActionMask = 2147483647;
			files = (
			);
			runOnlyForDeploymentPostprocessing = 0;
		};
/* End PBXFrameworksBuildPhase section */

/* Begin PBXGroup section */
		8A3DF32A2BD7DF2000D5F370 = {
			isa = PBXGroup;
			children = (
				8A3DF32F2BD7DF2000D5F370 /* Memory Shared */,
				8A3DF33A2BD7DF2100D5F370 /* Memory iOS */,
				8A3DF3392BD7DF2100D5F370 /* Products */,
			);
			sourceTree = "<group>";
		};
		8A3DF32F2BD7DF2000D5F370 /* Memory Shared */ = {
			isa = PBXGroup;
			children = (
				8A3DF35B2BD85ABC00D5F370 /* Audio */,
				8A3DF3302BD7DF2000D5F370 /* Actions.sks */,
				8A3DF3312BD7DF2000D5F370 /* GameScene.sks */,
				8A3DF3322BD7DF2000D5F370 /* GameScene.swift */,
				8A3DF35E2BD85DD700D5F370 /* SecondScene.swift */,
				8A3DF3582BD8586000D5F370 /* AudioManager.swift */,
				8A3DF3332BD7DF2100D5F370 /* Assets.xcassets */,
			);
			path = "Memory Shared";
			sourceTree = "<group>";
		};
		8A3DF3392BD7DF2100D5F370 /* Products */ = {
			isa = PBXGroup;
			children = (
				8A3DF3382BD7DF2100D5F370 /* Memory.app */,
			);
			name = Products;
			sourceTree = "<group>";
		};
		8A3DF33A2BD7DF2100D5F370 /* Memory iOS */ = {
			isa = PBXGroup;
			children = (
				8A3DF33B2BD7DF2100D5F370 /* AppDelegate.swift */,
				8A3DF33D2BD7DF2100D5F370 /* GameViewController.swift */,
				8A3DF3EC2BDD1EA700D5F370 /* SplashScreenViewController.swift */,
				8A3DF33F2BD7DF2100D5F370 /* Main.storyboard */,
				8A3DF3422BD7DF2100D5F370 /* LaunchScreen.storyboard */,
			);
			path = "Memory iOS";
			sourceTree = "<group>";
		};
		8A3DF35B2BD85ABC00D5F370 /* Audio */ = {
			isa = PBXGroup;
			children = (
				8A3DF35C2BD85B3600D5F370 /* Bink's Sake (Instrumental).mp3 */,
			);
			path = Audio;
			sourceTree = "<group>";
		};
/* End PBXGroup section */

/* Begin PBXNativeTarget section */
		8A3DF3372BD7DF2100D5F370 /* Memory iOS */ = {
			isa = PBXNativeTarget;
			buildConfigurationList = 8A3DF34B2BD7DF2100D5F370 /* Build configuration list for PBXNativeTarget "Memory iOS" */;
			buildPhases = (
				8A3DF3342BD7DF2100D5F370 /* Sources */,
				8A3DF3352BD7DF2100D5F370 /* Frameworks */,
				8A3DF3362BD7DF2100D5F370 /* Resources */,
			);
			buildRules = (
			);
			dependencies = (
			);
			name = "Memory iOS";
			productName = "Memory iOS";
			productReference = 8A3DF3382BD7DF2100D5F370 /* Memory.app */;
			productType = "com.apple.product-type.application";
		};
/* End PBXNativeTarget section */

/* Begin PBXProject section */
		8A3DF32B2BD7DF2000D5F370 /* Project object */ = {
			isa = PBXProject;
			attributes = {
				BuildIndependentTargetsInParallel = 1;
				LastSwiftUpdateCheck = 1530;
				LastUpgradeCheck = 1530;
				TargetAttributes = {
					8A3DF3372BD7DF2100D5F370 = {
						CreatedOnToolsVersion = 15.3;
					};
				};
			};
			buildConfigurationList = 8A3DF32E2BD7DF2000D5F370 /* Build configuration list for PBXProject "Memory" */;
			compatibilityVersion = "Xcode 14.0";
			developmentRegion = en;
			hasScannedForEncodings = 0;
			knownRegions = (
				en,
				Base,
			);
			mainGroup = 8A3DF32A2BD7DF2000D5F370;
			productRefGroup = 8A3DF3392BD7DF2100D5F370 /* Products */;
			projectDirPath = "";
			projectRoot = "";
			targets = (
				8A3DF3372BD7DF2100D5F370 /* Memory iOS */,
			);
		};
/* End PBXProject section */

/* Begin PBXResourcesBuildPhase section */
		8A3DF3362BD7DF2100D5F370 /* Resources */ = {
			isa = PBXResourcesBuildPhase;
			buildActionMask = 2147483647;
			files = (
				8A3DF3462BD7DF2100D5F370 /* GameScene.sks in Resources */,
				8A3DF3412BD7DF2100D5F370 /* Base in Resources */,
				8A3DF3452BD7DF2100D5F370 /* Actions.sks in Resources */,
				8A3DF35D2BD85B3600D5F370 /* Bink's Sake (Instrumental).mp3 in Resources */,
				8A3DF3442BD7DF2100D5F370 /* Base in Resources */,
				8A3DF3482BD7DF2100D5F370 /* Assets.xcassets in Resources */,
			);
			runOnlyForDeploymentPostprocessing = 0;
		};
/* End PBXResourcesBuildPhase section */

/* Begin PBXSourcesBuildPhase section */
		8A3DF3342BD7DF2100D5F370 /* Sources */ = {
			isa = PBXSourcesBuildPhase;
			buildActionMask = 2147483647;
			files = (
				8A3DF3472BD7DF2100D5F370 /* GameScene.swift in Sources */,
				8A3DF35F2BD85DD700D5F370 /* SecondScene.swift in Sources */,
				8A3DF3ED2BDD1EA700D5F370 /* SplashScreenViewController.swift in Sources */,
				8A3DF33E2BD7DF2100D5F370 /* GameViewController.swift in Sources */,
				8A3DF3592BD8586000D5F370 /* AudioManager.swift in Sources */,
				8A3DF33C2BD7DF2100D5F370 /* AppDelegate.swift in Sources */,
			);
			runOnlyForDeploymentPostprocessing = 0;
		};
/* End PBXSourcesBuildPhase section */

/* Begin PBXVariantGroup section */
		8A3DF33F2BD7DF2100D5F370 /* Main.storyboard */ = {
			isa = PBXVariantGroup;
			children = (
				8A3DF3402BD7DF2100D5F370 /* Base */,
			);
			name = Main.storyboard;
			sourceTree = "<group>";
		};
		8A3DF3422BD7DF2100D5F370 /* LaunchScreen.storyboard */ = {
			isa = PBXVariantGroup;
			children = (
				8A3DF3432BD7DF2100D5F370 /* Base */,
			);
			name = LaunchScreen.storyboard;
			sourceTree = "<group>";
		};
/* End PBXVariantGroup section */

/* Begin XCBuildConfiguration section */
		8A3DF3492BD7DF2100D5F370 /* Debug */ = {
			isa = XCBuildConfiguration;
			buildSettings = {
				ALWAYS_SEARCH_USER_PATHS = NO;
				ASSETCATALOG_COMPILER_GENERATE_SWIFT_ASSET_SYMBOL_EXTENSIONS = YES;
				CLANG_ANALYZER_NONNULL = YES;
				CLANG_ANALYZER_NUMBER_OBJECT_CONVERSION = YES_AGGRESSIVE;
				CLANG_CXX_LANGUAGE_STANDARD = "gnu++20";
				CLANG_ENABLE_MODULES = YES;
				CLANG_ENABLE_OBJC_ARC = YES;
				CLANG_ENABLE_OBJC_WEAK = YES;
				CLANG_WARN_BLOCK_CAPTURE_AUTORELEASING = YES;
				CLANG_WARN_BOOL_CONVERSION = YES;
				CLANG_WARN_COMMA = YES;
				CLANG_WARN_CONSTANT_CONVERSION = YES;
				CLANG_WARN_DEPRECATED_OBJC_IMPLEMENTATIONS = YES;
				CLANG_WARN_DIRECT_OBJC_ISA_USAGE = YES_ERROR;
				CLANG_WARN_DOCUMENTATION_COMMENTS = YES;
				CLANG_WARN_EMPTY_BODY = YES;
				CLANG_WARN_ENUM_CONVERSION = YES;
				CLANG_WARN_INFINITE_RECURSION = YES;
				CLANG_WARN_INT_CONVERSION = YES;
				CLANG_WARN_NON_LITERAL_NULL_CONVERSION = YES;
				CLANG_WARN_OBJC_IMPLICIT_RETAIN_SELF = YES;
				CLANG_WARN_OBJC_LITERAL_CONVERSION = YES;
				CLANG_WARN_OBJC_ROOT_CLASS = YES_ERROR;
				CLANG_WARN_QUOTED_INCLUDE_IN_FRAMEWORK_HEADER = YES;
				CLANG_WARN_RANGE_LOOP_ANALYSIS = YES;
				CLANG_WARN_STRICT_PROTOTYPES = YES;
				CLANG_WARN_SUSPICIOUS_MOVE = YES;
				CLANG_WARN_UNGUARDED_AVAILABILITY = YES_AGGRESSIVE;
				CLANG_WARN_UNREACHABLE_CODE = YES;
				CLANG_WARN__DUPLICATE_METHOD_MATCH = YES;
				COPY_PHASE_STRIP = NO;
				DEBUG_INFORMATION_FORMAT = dwarf;
				ENABLE_STRICT_OBJC_MSGSEND = YES;
				ENABLE_TESTABILITY = YES;
				ENABLE_USER_SCRIPT_SANDBOXING = YES;
				GCC_C_LANGUAGE_STANDARD = gnu17;
				GCC_DYNAMIC_NO_PIC = NO;
				GCC_NO_COMMON_BLOCKS = YES;
				GCC_OPTIMIZATION_LEVEL = 0;
				GCC_PREPROCESSOR_DEFINITIONS = (
					"DEBUG=1",
					"$(inherited)",
				);
				GCC_WARN_64_TO_32_BIT_CONVERSION = YES;
				GCC_WARN_ABOUT_RETURN_TYPE = YES_ERROR;
				GCC_WARN_UNDECLARED_SELECTOR = YES;
				GCC_WARN_UNINITIALIZED_AUTOS = YES_AGGRESSIVE;
				GCC_WARN_UNUSED_FUNCTION = YES;
				GCC_WARN_UNUSED_VARIABLE = YES;
				IPHONEOS_DEPLOYMENT_TARGET = 17.0;
				LOCALIZATION_PREFERS_STRING_CATALOGS = YES;
				MTL_ENABLE_DEBUG_INFO = INCLUDE_SOURCE;
				MTL_FAST_MATH = YES;
				ONLY_ACTIVE_ARCH = YES;
				SWIFT_ACTIVE_COMPILATION_CONDITIONS = "DEBUG $(inherited)";
				SWIFT_OPTIMIZATION_LEVEL = "-Onone";
			};
			name = Debug;
		};
		8A3DF34A2BD7DF2100D5F370 /* Release */ = {
			isa = XCBuildConfiguration;
			buildSettings = {
				ALWAYS_SEARCH_USER_PATHS = NO;
				ASSETCATALOG_COMPILER_GENERATE_SWIFT_ASSET_SYMBOL_EXTENSIONS = YES;
				CLANG_ANALYZER_NONNULL = YES;
				CLANG_ANALYZER_NUMBER_OBJECT_CONVERSION = YES_AGGRESSIVE;
				CLANG_CXX_LANGUAGE_STANDARD = "gnu++20";
				CLANG_ENABLE_MODULES = YES;
				CLANG_ENABLE_OBJC_ARC = YES;
				CLANG_ENABLE_OBJC_WEAK = YES;
				CLANG_WARN_BLOCK_CAPTURE_AUTORELEASING = YES;
				CLANG_WARN_BOOL_CONVERSION = YES;
				CLANG_WARN_COMMA = YES;
				CLANG_WARN_CONSTANT_CONVERSION = YES;
				CLANG_WARN_DEPRECATED_OBJC_IMPLEMENTATIONS = YES;
				CLANG_WARN_DIRECT_OBJC_ISA_USAGE = YES_ERROR;
				CLANG_WARN_DOCUMENTATION_COMMENTS = YES;
				CLANG_WARN_EMPTY_BODY = YES;
				CLANG_WARN_ENUM_CONVERSION = YES;
				CLANG_WARN_INFINITE_RECURSION = YES;
				CLANG_WARN_INT_CONVERSION = YES;
				CLANG_WARN_NON_LITERAL_NULL_CONVERSION = YES;
				CLANG_WARN_OBJC_IMPLICIT_RETAIN_SELF = YES;
				CLANG_WARN_OBJC_LITERAL_CONVERSION = YES;
				CLANG_WARN_OBJC_ROOT_CLASS = YES_ERROR;
				CLANG_WARN_QUOTED_INCLUDE_IN_FRAMEWORK_HEADER = YES;
				CLANG_WARN_RANGE_LOOP_ANALYSIS = YES;
				CLANG_WARN_STRICT_PROTOTYPES = YES;
				CLANG_WARN_SUSPICIOUS_MOVE = YES;
				CLANG_WARN_UNGUARDED_AVAILABILITY = YES_AGGRESSIVE;
				CLANG_WARN_UNREACHABLE_CODE = YES;
				CLANG_WARN__DUPLICATE_METHOD_MATCH = YES;
				COPY_PHASE_STRIP = NO;
				DEBUG_INFORMATION_FORMAT = "dwarf-with-dsym";
				ENABLE_NS_ASSERTIONS = NO;
				ENABLE_STRICT_OBJC_MSGSEND = YES;
				ENABLE_USER_SCRIPT_SANDBOXING = YES;
				GCC_C_LANGUAGE_STANDARD = gnu17;
				GCC_NO_COMMON_BLOCKS = YES;
				GCC_WARN_64_TO_32_BIT_CONVERSION = YES;
				GCC_WARN_ABOUT_RETURN_TYPE = YES_ERROR;
				GCC_WARN_UNDECLARED_SELECTOR = YES;
				GCC_WARN_UNINITIALIZED_AUTOS = YES_AGGRESSIVE;
				GCC_WARN_UNUSED_FUNCTION = YES;
				GCC_WARN_UNUSED_VARIABLE = YES;
				IPHONEOS_DEPLOYMENT_TARGET = 17.0;
				LOCALIZATION_PREFERS_STRING_CATALOGS = YES;
				MTL_ENABLE_DEBUG_INFO = NO;
				MTL_FAST_MATH = YES;
				SWIFT_COMPILATION_MODE = wholemodule;
			};
			name = Release;
		};
		8A3DF34C2BD7DF2100D5F370 /* Debug */ = {
			isa = XCBuildConfiguration;
			buildSettings = {
				ASSETCATALOG_COMPILER_APPICON_NAME = AppIcon;
				ASSETCATALOG_COMPILER_GLOBAL_ACCENT_COLOR_NAME = AccentColor;
				CODE_SIGN_STYLE = Automatic;
				CURRENT_PROJECT_VERSION = 1;
				DEVELOPMENT_TEAM = 2N2A4XFHX4;
				GENERATE_INFOPLIST_FILE = YES;
				INFOPLIST_KEY_LSApplicationCategoryType = "public.app-category.puzzle-games";
				INFOPLIST_KEY_UIApplicationSupportsIndirectInputEvents = YES;
				INFOPLIST_KEY_UILaunchStoryboardName = LaunchScreen;
				INFOPLIST_KEY_UIMainStoryboardFile = Main;
				INFOPLIST_KEY_UIStatusBarHidden = NO;
				INFOPLIST_KEY_UIStatusBarStyle = "";
				INFOPLIST_KEY_UISupportedInterfaceOrientations = "UIInterfaceOrientationLandscapeLeft UIInterfaceOrientationLandscapeRight";
				INFOPLIST_KEY_UISupportedInterfaceOrientations_iPad = "UIInterfaceOrientationLandscapeLeft UIInterfaceOrientationLandscapeRight UIInterfaceOrientationPortrait UIInterfaceOrientationPortraitUpsideDown";
				IPHONEOS_DEPLOYMENT_TARGET = 17.0;
				LD_RUNPATH_SEARCH_PATHS = (
					"$(inherited)",
					"@executable_path/Frameworks",
				);
				MARKETING_VERSION = 1.0;
				PRODUCT_BUNDLE_IDENTIFIER = sabach.Memory;
				PRODUCT_NAME = Memory;
				SDKROOT = iphoneos;
				SWIFT_EMIT_LOC_STRINGS = YES;
				SWIFT_VERSION = 5.0;
				TARGETED_DEVICE_FAMILY = "1,2";
			};
			name = Debug;
		};
		8A3DF34D2BD7DF2100D5F370 /* Release */ = {
			isa = XCBuildConfiguration;
			buildSettings = {
				ASSETCATALOG_COMPILER_APPICON_NAME = AppIcon;
				ASSETCATALOG_COMPILER_GLOBAL_ACCENT_COLOR_NAME = AccentColor;
				CODE_SIGN_STYLE = Automatic;
				CURRENT_PROJECT_VERSION = 1;
				DEVELOPMENT_TEAM = 2N2A4XFHX4;
				GENERATE_INFOPLIST_FILE = YES;
				INFOPLIST_KEY_LSApplicationCategoryType = "public.app-category.puzzle-games";
				INFOPLIST_KEY_UIApplicationSupportsIndirectInputEvents = YES;
				INFOPLIST_KEY_UILaunchStoryboardName = LaunchScreen;
				INFOPLIST_KEY_UIMainStoryboardFile = Main;
				INFOPLIST_KEY_UIStatusBarHidden = NO;
				INFOPLIST_KEY_UIStatusBarStyle = "";
				INFOPLIST_KEY_UISupportedInterfaceOrientations = "UIInterfaceOrientationLandscapeLeft UIInterfaceOrientationLandscapeRight";
				INFOPLIST_KEY_UISupportedInterfaceOrientations_iPad = "UIInterfaceOrientationLandscapeLeft UIInterfaceOrientationLandscapeRight UIInterfaceOrientationPortrait UIInterfaceOrientationPortraitUpsideDown";
				IPHONEOS_DEPLOYMENT_TARGET = 17.0;
				LD_RUNPATH_SEARCH_PATHS = (
					"$(inherited)",
					"@executable_path/Frameworks",
				);
				MARKETING_VERSION = 1.0;
				PRODUCT_BUNDLE_IDENTIFIER = sabach.Memory;
				PRODUCT_NAME = Memory;
				SDKROOT = iphoneos;
				SWIFT_EMIT_LOC_STRINGS = YES;
				SWIFT_VERSION = 5.0;
				TARGETED_DEVICE_FAMILY = "1,2";
				VALIDATE_PRODUCT = YES;
			};
			name = Release;
		};
/* End XCBuildConfiguration section */

/* Begin XCConfigurationList section */
		8A3DF32E2BD7DF2000D5F370 /* Build configuration list for PBXProject "Memory" */ = {
			isa = XCConfigurationList;
			buildConfigurations = (
				8A3DF3492BD7DF2100D5F370 /* Debug */,
				8A3DF34A2BD7DF2100D5F370 /* Release */,
			);
			defaultConfigurationIsVisible = 0;
			defaultConfigurationName = Release;
		};
		8A3DF34B2BD7DF2100D5F370 /* Build configuration list for PBXNativeTarget "Memory iOS" */ = {
			isa = XCConfigurationList;
			buildConfigurations = (
				8A3DF34C2BD7DF2100D5F370 /* Debug */,
				8A3DF34D2BD7DF2100D5F370 /* Release */,
			);
			defaultConfigurationIsVisible = 0;
			defaultConfigurationName = Release;
		};
/* End XCConfigurationList section */
	};
	rootObject = 8A3DF32B2BD7DF2000D5F370 /* Project object */;
}
