// !$*UTF8*$!
{
	archiveVersion = 1;
	classes = {
	};
	objectVersion = 56;
	objects = {

/* Begin PBXBuildFile section */
		2F74E8BF2BD9391B00496DFC /* GameScene.sks in Resources */ = {isa = PBXBuildFile; fileRef = 2F74E8BE2BD9391B00496DFC /* GameScene.sks */; };
		2F74E8C12BD9391B00496DFC /* Actions.sks in Resources */ = {isa = PBXBuildFile; fileRef = 2F74E8C02BD9391B00496DFC /* Actions.sks */; };
		2F74E8C32BD9391B00496DFC /* GameScene.swift in Sources */ = {isa = PBXBuildFile; fileRef = 2F74E8C22BD9391B00496DFC /* GameScene.swift */; };
		2F74E8C52BD9391B00496DFC /* GameViewController.swift in Sources */ = {isa = PBXBuildFile; fileRef = 2F74E8C42BD9391B00496DFC /* GameViewController.swift */; };
		2F74E8C82BD9391B00496DFC /* Main.storyboard in Resources */ = {isa = PBXBuildFile; fileRef = 2F74E8C62BD9391B00496DFC /* Main.storyboard */; };
		2F74E8CA2BD9391C00496DFC /* Assets.xcassets in Resources */ = {isa = PBXBuildFile; fileRef = 2F74E8C92BD9391C00496DFC /* Assets.xcassets */; };
		2F74E8CD2BD9391C00496DFC /* LaunchScreen.storyboard in Resources */ = {isa = PBXBuildFile; fileRef = 2F74E8CB2BD9391C00496DFC /* LaunchScreen.storyboard */; };
		2F74E8DA2BDA87A300496DFC /* GameOverScene.swift in Sources */ = {isa = PBXBuildFile; fileRef = 2F74E8D92BDA87A300496DFC /* GameOverScene.swift */; };
		2F74E8DC2BDA87D700496DFC /* GameOverScene.sks in Resources */ = {isa = PBXBuildFile; fileRef = 2F74E8DB2BDA87D700496DFC /* GameOverScene.sks */; };
		2F74E8E02BDA9B2100496DFC /* AppDelegate.swift in Sources */ = {isa = PBXBuildFile; fileRef = 2F74E8DF2BDA9B2100496DFC /* AppDelegate.swift */; };
		2F74E8E22BDF53E100496DFC /* GameWinScene.sks in Resources */ = {isa = PBXBuildFile; fileRef = 2F74E8E12BDF53E100496DFC /* GameWinScene.sks */; };
		2F74E8E42BDF53EB00496DFC /* GameWinScene.swift in Sources */ = {isa = PBXBuildFile; fileRef = 2F74E8E32BDF53EB00496DFC /* GameWinScene.swift */; };
		2F74E8E72BDF950300496DFC /* GameOpeningScene.swift in Sources */ = {isa = PBXBuildFile; fileRef = 2F74E8E62BDF950300496DFC /* GameOpeningScene.swift */; };
		2F74E8E92BDF951A00496DFC /* GameOpeningScene.sks in Resources */ = {isa = PBXBuildFile; fileRef = 2F74E8E82BDF951A00496DFC /* GameOpeningScene.sks */; };
		2F74E8EC2BDFFE8D00496DFC /* AudioManager.swift in Sources */ = {isa = PBXBuildFile; fileRef = 2F74E8EB2BDFFE8D00496DFC /* AudioManager.swift */; };
		2F74E8EE2BE001A400496DFC /* pixelGameSong.mp3 in Resources */ = {isa = PBXBuildFile; fileRef = 2F74E8ED2BE001A400496DFC /* pixelGameSong.mp3 */; };
/* End PBXBuildFile section */

/* Begin PBXFileReference section */
		2F74E8B92BD9391B00496DFC /* NanoChallenge 1.app */ = {isa = PBXFileReference; explicitFileType = wrapper.application; includeInIndex = 0; path = "NanoChallenge 1.app"; sourceTree = BUILT_PRODUCTS_DIR; };
		2F74E8BE2BD9391B00496DFC /* GameScene.sks */ = {isa = PBXFileReference; lastKnownFileType = file.sks; path = GameScene.sks; sourceTree = "<group>"; };
		2F74E8C02BD9391B00496DFC /* Actions.sks */ = {isa = PBXFileReference; lastKnownFileType = file.sks; path = Actions.sks; sourceTree = "<group>"; };
		2F74E8C22BD9391B00496DFC /* GameScene.swift */ = {isa = PBXFileReference; lastKnownFileType = sourcecode.swift; path = GameScene.swift; sourceTree = "<group>"; };
		2F74E8C42BD9391B00496DFC /* GameViewController.swift */ = {isa = PBXFileReference; lastKnownFileType = sourcecode.swift; path = GameViewController.swift; sourceTree = "<group>"; };
		2F74E8C72BD9391B00496DFC /* Base */ = {isa = PBXFileReference; lastKnownFileType = file.storyboard; name = Base; path = Base.lproj/Main.storyboard; sourceTree = "<group>"; };
		2F74E8C92BD9391C00496DFC /* Assets.xcassets */ = {isa = PBXFileReference; lastKnownFileType = folder.assetcatalog; path = Assets.xcassets; sourceTree = "<group>"; };
		2F74E8CC2BD9391C00496DFC /* Base */ = {isa = PBXFileReference; lastKnownFileType = file.storyboard; name = Base; path = Base.lproj/LaunchScreen.storyboard; sourceTree = "<group>"; };
		2F74E8D92BDA87A300496DFC /* GameOverScene.swift */ = {isa = PBXFileReference; lastKnownFileType = sourcecode.swift; path = GameOverScene.swift; sourceTree = "<group>"; };
		2F74E8DB2BDA87D700496DFC /* GameOverScene.sks */ = {isa = PBXFileReference; lastKnownFileType = file.sks; path = GameOverScene.sks; sourceTree = "<group>"; };
		2F74E8DF2BDA9B2100496DFC /* AppDelegate.swift */ = {isa = PBXFileReference; lastKnownFileType = sourcecode.swift; path = AppDelegate.swift; sourceTree = "<group>"; };
		2F74E8E12BDF53E100496DFC /* GameWinScene.sks */ = {isa = PBXFileReference; lastKnownFileType = file.sks; path = GameWinScene.sks; sourceTree = "<group>"; };
		2F74E8E32BDF53EB00496DFC /* GameWinScene.swift */ = {isa = PBXFileReference; lastKnownFileType = sourcecode.swift; path = GameWinScene.swift; sourceTree = "<group>"; };
		2F74E8E62BDF950300496DFC /* GameOpeningScene.swift */ = {isa = PBXFileReference; lastKnownFileType = sourcecode.swift; path = GameOpeningScene.swift; sourceTree = "<group>"; };
		2F74E8E82BDF951A00496DFC /* GameOpeningScene.sks */ = {isa = PBXFileReference; lastKnownFileType = file.sks; path = GameOpeningScene.sks; sourceTree = "<group>"; };
		2F74E8EB2BDFFE8D00496DFC /* AudioManager.swift */ = {isa = PBXFileReference; lastKnownFileType = sourcecode.swift; path = AudioManager.swift; sourceTree = "<group>"; };
		2F74E8ED2BE001A400496DFC /* pixelGameSong.mp3 */ = {isa = PBXFileReference; lastKnownFileType = audio.mp3; name = pixelGameSong.mp3; path = ../../../../pixelGameSong.mp3; sourceTree = "<group>"; };
		2F74E8EF2BE001AC00496DFC /* pixelGameSong.mp3 */ = {isa = PBXFileReference; lastKnownFileType = audio.mp3; path = pixelGameSong.mp3; sourceTree = "<group>"; };
		2F74E8F02BE001AE00496DFC /* pixelGameSong.mp3 */ = {isa = PBXFileReference; lastKnownFileType = audio.mp3; path = pixelGameSong.mp3; sourceTree = "<group>"; };
		2F74E8F12BE001B400496DFC /* pixelGameSong.mp3 */ = {isa = PBXFileReference; lastKnownFileType = audio.mp3; path = pixelGameSong.mp3; sourceTree = "<group>"; };
		2F74E8F22BE001B600496DFC /* pixelGameSong.mp3 */ = {isa = PBXFileReference; lastKnownFileType = audio.mp3; path = pixelGameSong.mp3; sourceTree = "<group>"; };
/* End PBXFileReference section */

/* Begin PBXFrameworksBuildPhase section */
		2F74E8B62BD9391B00496DFC /* Frameworks */ = {
			isa = PBXFrameworksBuildPhase;
			buildActionMask = 2147483647;
			files = (
			);
			runOnlyForDeploymentPostprocessing = 0;
		};
/* End PBXFrameworksBuildPhase section */

/* Begin PBXGroup section */
		2F74E8B02BD9391B00496DFC = {
			isa = PBXGroup;
			children = (
				2F74E8BB2BD9391B00496DFC /* NanoChallenge 1 */,
				2F74E8BA2BD9391B00496DFC /* Products */,
			);
			sourceTree = "<group>";
		};
		2F74E8BA2BD9391B00496DFC /* Products */ = {
			isa = PBXGroup;
			children = (
				2F74E8B92BD9391B00496DFC /* NanoChallenge 1.app */,
			);
			name = Products;
			sourceTree = "<group>";
		};
		2F74E8BB2BD9391B00496DFC /* NanoChallenge 1 */ = {
			isa = PBXGroup;
			children = (
				2F74E8ED2BE001A400496DFC /* pixelGameSong.mp3 */,
				2F74E8DF2BDA9B2100496DFC /* AppDelegate.swift */,
				2F74E8C42BD9391B00496DFC /* GameViewController.swift */,
				2F74E8EB2BDFFE8D00496DFC /* AudioManager.swift */,
				2F74E8C02BD9391B00496DFC /* Actions.sks */,
				2F74E8EA2BDF952F00496DFC /* GameOpening */,
				2F74E8DD2BDA87EC00496DFC /* GameScene */,
				2F74E8E52BDF53F500496DFC /* Game-Win */,
				2F74E8DE2BDA87F400496DFC /* GameOver */,
				2F74E8C62BD9391B00496DFC /* Main.storyboard */,
				2F74E8C92BD9391C00496DFC /* Assets.xcassets */,
				2F74E8CB2BD9391C00496DFC /* LaunchScreen.storyboard */,
			);
			path = "NanoChallenge 1";
			sourceTree = "<group>";
		};
		2F74E8DD2BDA87EC00496DFC /* GameScene */ = {
			isa = PBXGroup;
			children = (
				2F74E8F02BE001AE00496DFC /* pixelGameSong.mp3 */,
				2F74E8C22BD9391B00496DFC /* GameScene.swift */,
				2F74E8BE2BD9391B00496DFC /* GameScene.sks */,
			);
			path = GameScene;
			sourceTree = "<group>";
		};
		2F74E8DE2BDA87F400496DFC /* GameOver */ = {
			isa = PBXGroup;
			children = (
				2F74E8F22BE001B600496DFC /* pixelGameSong.mp3 */,
				2F74E8D92BDA87A300496DFC /* GameOverScene.swift */,
				2F74E8DB2BDA87D700496DFC /* GameOverScene.sks */,
			);
			path = GameOver;
			sourceTree = "<group>";
		};
		2F74E8E52BDF53F500496DFC /* Game-Win */ = {
			isa = PBXGroup;
			children = (
				2F74E8F12BE001B400496DFC /* pixelGameSong.mp3 */,
				2F74E8E32BDF53EB00496DFC /* GameWinScene.swift */,
				2F74E8E12BDF53E100496DFC /* GameWinScene.sks */,
			);
			path = "Game-Win";
			sourceTree = "<group>";
		};
		2F74E8EA2BDF952F00496DFC /* GameOpening */ = {
			isa = PBXGroup;
			children = (
				2F74E8EF2BE001AC00496DFC /* pixelGameSong.mp3 */,
				2F74E8E62BDF950300496DFC /* GameOpeningScene.swift */,
				2F74E8E82BDF951A00496DFC /* GameOpeningScene.sks */,
			);
			path = GameOpening;
			sourceTree = "<group>";
		};
/* End PBXGroup section */

/* Begin PBXNativeTarget section */
		2F74E8B82BD9391B00496DFC /* NanoChallenge 1 */ = {
			isa = PBXNativeTarget;
			buildConfigurationList = 2F74E8D02BD9391C00496DFC /* Build configuration list for PBXNativeTarget "NanoChallenge 1" */;
			buildPhases = (
				2F74E8B52BD9391B00496DFC /* Sources */,
				2F74E8B62BD9391B00496DFC /* Frameworks */,
				2F74E8B72BD9391B00496DFC /* Resources */,
			);
			buildRules = (
			);
			dependencies = (
			);
			name = "NanoChallenge 1";
			productName = "NanoChallenge 1";
			productReference = 2F74E8B92BD9391B00496DFC /* NanoChallenge 1.app */;
			productType = "com.apple.product-type.application";
		};
/* End PBXNativeTarget section */

/* Begin PBXProject section */
		2F74E8B12BD9391B00496DFC /* Project object */ = {
			isa = PBXProject;
			attributes = {
				BuildIndependentTargetsInParallel = 1;
				LastSwiftUpdateCheck = 1520;
				LastUpgradeCheck = 1520;
				TargetAttributes = {
					2F74E8B82BD9391B00496DFC = {
						CreatedOnToolsVersion = 15.2;
					};
				};
			};
			buildConfigurationList = 2F74E8B42BD9391B00496DFC /* Build configuration list for PBXProject "NanoChallenge 1" */;
			compatibilityVersion = "Xcode 14.0";
			developmentRegion = en;
			hasScannedForEncodings = 0;
			knownRegions = (
				en,
				Base,
			);
			mainGroup = 2F74E8B02BD9391B00496DFC;
			productRefGroup = 2F74E8BA2BD9391B00496DFC /* Products */;
			projectDirPath = "";
			projectRoot = "";
			targets = (
				2F74E8B82BD9391B00496DFC /* NanoChallenge 1 */,
			);
		};
/* End PBXProject section */

/* Begin PBXResourcesBuildPhase section */
		2F74E8B72BD9391B00496DFC /* Resources */ = {
			isa = PBXResourcesBuildPhase;
			buildActionMask = 2147483647;
			files = (
				2F74E8C82BD9391B00496DFC /* Main.storyboard in Resources */,
				2F74E8DC2BDA87D700496DFC /* GameOverScene.sks in Resources */,
				2F74E8BF2BD9391B00496DFC /* GameScene.sks in Resources */,
				2F74E8E92BDF951A00496DFC /* GameOpeningScene.sks in Resources */,
				2F74E8CA2BD9391C00496DFC /* Assets.xcassets in Resources */,
				2F74E8EE2BE001A400496DFC /* pixelGameSong.mp3 in Resources */,
				2F74E8CD2BD9391C00496DFC /* LaunchScreen.storyboard in Resources */,
				2F74E8E22BDF53E100496DFC /* GameWinScene.sks in Resources */,
				2F74E8C12BD9391B00496DFC /* Actions.sks in Resources */,
			);
			runOnlyForDeploymentPostprocessing = 0;
		};
/* End PBXResourcesBuildPhase section */

/* Begin PBXSourcesBuildPhase section */
		2F74E8B52BD9391B00496DFC /* Sources */ = {
			isa = PBXSourcesBuildPhase;
			buildActionMask = 2147483647;
			files = (
				2F74E8E42BDF53EB00496DFC /* GameWinScene.swift in Sources */,
				2F74E8EC2BDFFE8D00496DFC /* AudioManager.swift in Sources */,
				2F74E8E02BDA9B2100496DFC /* AppDelegate.swift in Sources */,
				2F74E8C32BD9391B00496DFC /* GameScene.swift in Sources */,
				2F74E8E72BDF950300496DFC /* GameOpeningScene.swift in Sources */,
				2F74E8C52BD9391B00496DFC /* GameViewController.swift in Sources */,
				2F74E8DA2BDA87A300496DFC /* GameOverScene.swift in Sources */,
			);
			runOnlyForDeploymentPostprocessing = 0;
		};
/* End PBXSourcesBuildPhase section */

/* Begin PBXVariantGroup section */
		2F74E8C62BD9391B00496DFC /* Main.storyboard */ = {
			isa = PBXVariantGroup;
			children = (
				2F74E8C72BD9391B00496DFC /* Base */,
			);
			name = Main.storyboard;
			sourceTree = "<group>";
		};
		2F74E8CB2BD9391C00496DFC /* LaunchScreen.storyboard */ = {
			isa = PBXVariantGroup;
			children = (
				2F74E8CC2BD9391C00496DFC /* Base */,
			);
			name = LaunchScreen.storyboard;
			sourceTree = "<group>";
		};
/* End PBXVariantGroup section */

/* Begin XCBuildConfiguration section */
		2F74E8CE2BD9391C00496DFC /* Debug */ = {
			isa = XCBuildConfiguration;
			buildSettings = {
				ALWAYS_SEARCH_USER_PATHS = NO;
				ASSETCATALOG_COMPILER_GENERATE_SWIFT_ASSET_SYMBOL_EXTENSIONS = YES;
				CLANG_ANALYZER_NONNULL = YES;
				CLANG_ANALYZER_NUMBER_OBJECT_CONVERSION = YES_AGGRESSIVE;
				CLANG_CXX_LANGUAGE_STANDARD = "gnu++20";
				CLANG_ENABLE_MODULES = YES;
				CLANG_ENABLE_OBJC_ARC = YES;
				CLANG_ENABLE_OBJC_WEAK = YES;
				CLANG_WARN_BLOCK_CAPTURE_AUTORELEASING = YES;
				CLANG_WARN_BOOL_CONVERSION = YES;
				CLANG_WARN_COMMA = YES;
				CLANG_WARN_CONSTANT_CONVERSION = YES;
				CLANG_WARN_DEPRECATED_OBJC_IMPLEMENTATIONS = YES;
				CLANG_WARN_DIRECT_OBJC_ISA_USAGE = YES_ERROR;
				CLANG_WARN_DOCUMENTATION_COMMENTS = YES;
				CLANG_WARN_EMPTY_BODY = YES;
				CLANG_WARN_ENUM_CONVERSION = YES;
				CLANG_WARN_INFINITE_RECURSION = YES;
				CLANG_WARN_INT_CONVERSION = YES;
				CLANG_WARN_NON_LITERAL_NULL_CONVERSION = YES;
				CLANG_WARN_OBJC_IMPLICIT_RETAIN_SELF = YES;
				CLANG_WARN_OBJC_LITERAL_CONVERSION = YES;
				CLANG_WARN_OBJC_ROOT_CLASS = YES_ERROR;
				CLANG_WARN_QUOTED_INCLUDE_IN_FRAMEWORK_HEADER = YES;
				CLANG_WARN_RANGE_LOOP_ANALYSIS = YES;
				CLANG_WARN_STRICT_PROTOTYPES = YES;
				CLANG_WARN_SUSPICIOUS_MOVE = YES;
				CLANG_WARN_UNGUARDED_AVAILABILITY = YES_AGGRESSIVE;
				CLANG_WARN_UNREACHABLE_CODE = YES;
				CLANG_WARN__DUPLICATE_METHOD_MATCH = YES;
				COPY_PHASE_STRIP = NO;
				DEBUG_INFORMATION_FORMAT = dwarf;
				ENABLE_STRICT_OBJC_MSGSEND = YES;
				ENABLE_TESTABILITY = YES;
				ENABLE_USER_SCRIPT_SANDBOXING = YES;
				GCC_C_LANGUAGE_STANDARD = gnu17;
				GCC_DYNAMIC_NO_PIC = NO;
				GCC_NO_COMMON_BLOCKS = YES;
				GCC_OPTIMIZATION_LEVEL = 0;
				GCC_PREPROCESSOR_DEFINITIONS = (
					"DEBUG=1",
					"$(inherited)",
				);
				GCC_WARN_64_TO_32_BIT_CONVERSION = YES;
				GCC_WARN_ABOUT_RETURN_TYPE = YES_ERROR;
				GCC_WARN_UNDECLARED_SELECTOR = YES;
				GCC_WARN_UNINITIALIZED_AUTOS = YES_AGGRESSIVE;
				GCC_WARN_UNUSED_FUNCTION = YES;
				GCC_WARN_UNUSED_VARIABLE = YES;
				IPHONEOS_DEPLOYMENT_TARGET = 17.2;
				LOCALIZATION_PREFERS_STRING_CATALOGS = YES;
				MTL_ENABLE_DEBUG_INFO = INCLUDE_SOURCE;
				MTL_FAST_MATH = YES;
				ONLY_ACTIVE_ARCH = YES;
				SDKROOT = iphoneos;
				SWIFT_ACTIVE_COMPILATION_CONDITIONS = "DEBUG $(inherited)";
				SWIFT_OPTIMIZATION_LEVEL = "-Onone";
			};
			name = Debug;
		};
		2F74E8CF2BD9391C00496DFC /* Release */ = {
			isa = XCBuildConfiguration;
			buildSettings = {
				ALWAYS_SEARCH_USER_PATHS = NO;
				ASSETCATALOG_COMPILER_GENERATE_SWIFT_ASSET_SYMBOL_EXTENSIONS = YES;
				CLANG_ANALYZER_NONNULL = YES;
				CLANG_ANALYZER_NUMBER_OBJECT_CONVERSION = YES_AGGRESSIVE;
				CLANG_CXX_LANGUAGE_STANDARD = "gnu++20";
				CLANG_ENABLE_MODULES = YES;
				CLANG_ENABLE_OBJC_ARC = YES;
				CLANG_ENABLE_OBJC_WEAK = YES;
				CLANG_WARN_BLOCK_CAPTURE_AUTORELEASING = YES;
				CLANG_WARN_BOOL_CONVERSION = YES;
				CLANG_WARN_COMMA = YES;
				CLANG_WARN_CONSTANT_CONVERSION = YES;
				CLANG_WARN_DEPRECATED_OBJC_IMPLEMENTATIONS = YES;
				CLANG_WARN_DIRECT_OBJC_ISA_USAGE = YES_ERROR;
				CLANG_WARN_DOCUMENTATION_COMMENTS = YES;
				CLANG_WARN_EMPTY_BODY = YES;
				CLANG_WARN_ENUM_CONVERSION = YES;
				CLANG_WARN_INFINITE_RECURSION = YES;
				CLANG_WARN_INT_CONVERSION = YES;
				CLANG_WARN_NON_LITERAL_NULL_CONVERSION = YES;
				CLANG_WARN_OBJC_IMPLICIT_RETAIN_SELF = YES;
				CLANG_WARN_OBJC_LITERAL_CONVERSION = YES;
				CLANG_WARN_OBJC_ROOT_CLASS = YES_ERROR;
				CLANG_WARN_QUOTED_INCLUDE_IN_FRAMEWORK_HEADER = YES;
				CLANG_WARN_RANGE_LOOP_ANALYSIS = YES;
				CLANG_WARN_STRICT_PROTOTYPES = YES;
				CLANG_WARN_SUSPICIOUS_MOVE = YES;
				CLANG_WARN_UNGUARDED_AVAILABILITY = YES_AGGRESSIVE;
				CLANG_WARN_UNREACHABLE_CODE = YES;
				CLANG_WARN__DUPLICATE_METHOD_MATCH = YES;
				COPY_PHASE_STRIP = NO;
				DEBUG_INFORMATION_FORMAT = "dwarf-with-dsym";
				ENABLE_NS_ASSERTIONS = NO;
				ENABLE_STRICT_OBJC_MSGSEND = YES;
				ENABLE_USER_SCRIPT_SANDBOXING = YES;
				GCC_C_LANGUAGE_STANDARD = gnu17;
				GCC_NO_COMMON_BLOCKS = YES;
				GCC_WARN_64_TO_32_BIT_CONVERSION = YES;
				GCC_WARN_ABOUT_RETURN_TYPE = YES_ERROR;
				GCC_WARN_UNDECLARED_SELECTOR = YES;
				GCC_WARN_UNINITIALIZED_AUTOS = YES_AGGRESSIVE;
				GCC_WARN_UNUSED_FUNCTION = YES;
				GCC_WARN_UNUSED_VARIABLE = YES;
				IPHONEOS_DEPLOYMENT_TARGET = 17.2;
				LOCALIZATION_PREFERS_STRING_CATALOGS = YES;
				MTL_ENABLE_DEBUG_INFO = NO;
				MTL_FAST_MATH = YES;
				SDKROOT = iphoneos;
				SWIFT_COMPILATION_MODE = wholemodule;
				VALIDATE_PRODUCT = YES;
			};
			name = Release;
		};
		2F74E8D12BD9391C00496DFC /* Debug */ = {
			isa = XCBuildConfiguration;
			buildSettings = {
				ASSETCATALOG_COMPILER_APPICON_NAME = AppIcon;
				ASSETCATALOG_COMPILER_GLOBAL_ACCENT_COLOR_NAME = AccentColor;
				CODE_SIGN_STYLE = Automatic;
				CURRENT_PROJECT_VERSION = 1;
				DEVELOPMENT_TEAM = 6P2G97Y26J;
				GENERATE_INFOPLIST_FILE = YES;
				INFOPLIST_KEY_UIApplicationSupportsIndirectInputEvents = YES;
				INFOPLIST_KEY_UILaunchStoryboardName = LaunchScreen;
				INFOPLIST_KEY_UIMainStoryboardFile = Main;
				INFOPLIST_KEY_UIStatusBarHidden = YES;
				INFOPLIST_KEY_UISupportedInterfaceOrientations_iPad = "UIInterfaceOrientationPortrait UIInterfaceOrientationPortraitUpsideDown UIInterfaceOrientationLandscapeLeft UIInterfaceOrientationLandscapeRight";
				INFOPLIST_KEY_UISupportedInterfaceOrientations_iPhone = "UIInterfaceOrientationPortrait UIInterfaceOrientationLandscapeLeft UIInterfaceOrientationLandscapeRight";
				IPHONEOS_DEPLOYMENT_TARGET = 16.0;
				LD_RUNPATH_SEARCH_PATHS = (
					"$(inherited)",
					"@executable_path/Frameworks",
				);
				MARKETING_VERSION = 1.0;
				PRODUCT_BUNDLE_IDENTIFIER = "Apple.NanoChallenge-1";
				PRODUCT_NAME = "$(TARGET_NAME)";
				SWIFT_EMIT_LOC_STRINGS = YES;
				SWIFT_VERSION = 5.0;
				TARGETED_DEVICE_FAMILY = "1,2";
			};
			name = Debug;
		};
		2F74E8D22BD9391C00496DFC /* Release */ = {
			isa = XCBuildConfiguration;
			buildSettings = {
				ASSETCATALOG_COMPILER_APPICON_NAME = AppIcon;
				ASSETCATALOG_COMPILER_GLOBAL_ACCENT_COLOR_NAME = AccentColor;
				CODE_SIGN_STYLE = Automatic;
				CURRENT_PROJECT_VERSION = 1;
				DEVELOPMENT_TEAM = 6P2G97Y26J;
				GENERATE_INFOPLIST_FILE = YES;
				INFOPLIST_KEY_UIApplicationSupportsIndirectInputEvents = YES;
				INFOPLIST_KEY_UILaunchStoryboardName = LaunchScreen;
				INFOPLIST_KEY_UIMainStoryboardFile = Main;
				INFOPLIST_KEY_UIStatusBarHidden = YES;
				INFOPLIST_KEY_UISupportedInterfaceOrientations_iPad = "UIInterfaceOrientationPortrait UIInterfaceOrientationPortraitUpsideDown UIInterfaceOrientationLandscapeLeft UIInterfaceOrientationLandscapeRight";
				INFOPLIST_KEY_UISupportedInterfaceOrientations_iPhone = "UIInterfaceOrientationPortrait UIInterfaceOrientationLandscapeLeft UIInterfaceOrientationLandscapeRight";
				IPHONEOS_DEPLOYMENT_TARGET = 16.0;
				LD_RUNPATH_SEARCH_PATHS = (
					"$(inherited)",
					"@executable_path/Frameworks",
				);
				MARKETING_VERSION = 1.0;
				PRODUCT_BUNDLE_IDENTIFIER = "Apple.NanoChallenge-1";
				PRODUCT_NAME = "$(TARGET_NAME)";
				SWIFT_EMIT_LOC_STRINGS = YES;
				SWIFT_VERSION = 5.0;
				TARGETED_DEVICE_FAMILY = "1,2";
			};
			name = Release;
		};
/* End XCBuildConfiguration section */

/* Begin XCConfigurationList section */
		2F74E8B42BD9391B00496DFC /* Build configuration list for PBXProject "NanoChallenge 1" */ = {
			isa = XCConfigurationList;
			buildConfigurations = (
				2F74E8CE2BD9391C00496DFC /* Debug */,
				2F74E8CF2BD9391C00496DFC /* Release */,
			);
			defaultConfigurationIsVisible = 0;
			defaultConfigurationName = Release;
		};
		2F74E8D02BD9391C00496DFC /* Build configuration list for PBXNativeTarget "NanoChallenge 1" */ = {
			isa = XCConfigurationList;
			buildConfigurations = (
				2F74E8D12BD9391C00496DFC /* Debug */,
				2F74E8D22BD9391C00496DFC /* Release */,
			);
			defaultConfigurationIsVisible = 0;
			defaultConfigurationName = Release;
		};
/* End XCConfigurationList section */
	};
	rootObject = 2F74E8B12BD9391B00496DFC /* Project object */;
}
