// !$*UTF8*$!
{
	archiveVersion = 1;
	classes = {
	};
	objectVersion = 56;
	objects = {

/* Begin PBXBuildFile section */
		8A5825E52BDE3D2A005AF515 /* AppDelegate.swift in Sources */ = {isa = PBXBuildFile; fileRef = 8A5825E42BDE3D2A005AF515 /* AppDelegate.swift */; };
		8A5825E72BDE3D2A005AF515 /* art.scnassets in Resources */ = {isa = PBXBuildFile; fileRef = 8A5825E62BDE3D2A005AF515 /* art.scnassets */; };
		8A5825E92BDE3D2A005AF515 /* ViewController.swift in Sources */ = {isa = PBXBuildFile; fileRef = 8A5825E82BDE3D2A005AF515 /* ViewController.swift */; };
		8A5825EC2BDE3D2A005AF515 /* Base in Resources */ = {isa = PBXBuildFile; fileRef = 8A5825EB2BDE3D2A005AF515 /* Base */; };
		8A5825EE2BDE3D2B005AF515 /* Assets.xcassets in Resources */ = {isa = PBXBuildFile; fileRef = 8A5825ED2BDE3D2B005AF515 /* Assets.xcassets */; };
		8A5825F12BDE3D2B005AF515 /* Base in Resources */ = {isa = PBXBuildFile; fileRef = 8A5825F02BDE3D2B005AF515 /* Base */; };
		8A5825FB2BDE3D2B005AF515 /* TreasureHuntTests.swift in Sources */ = {isa = PBXBuildFile; fileRef = 8A5825FA2BDE3D2B005AF515 /* TreasureHuntTests.swift */; };
		8A5826052BDE3D2B005AF515 /* TreasureHuntUITests.swift in Sources */ = {isa = PBXBuildFile; fileRef = 8A5826042BDE3D2B005AF515 /* TreasureHuntUITests.swift */; };
		8A5826072BDE3D2B005AF515 /* TreasureHuntUITestsLaunchTests.swift in Sources */ = {isa = PBXBuildFile; fileRef = 8A5826062BDE3D2B005AF515 /* TreasureHuntUITestsLaunchTests.swift */; };
/* End PBXBuildFile section */

/* Begin PBXContainerItemProxy section */
		8A5825F72BDE3D2B005AF515 /* PBXContainerItemProxy */ = {
			isa = PBXContainerItemProxy;
			containerPortal = 8A5825D92BDE3D2A005AF515 /* Project object */;
			proxyType = 1;
			remoteGlobalIDString = 8A5825E02BDE3D2A005AF515;
			remoteInfo = TreasureHunt;
		};
		8A5826012BDE3D2B005AF515 /* PBXContainerItemProxy */ = {
			isa = PBXContainerItemProxy;
			containerPortal = 8A5825D92BDE3D2A005AF515 /* Project object */;
			proxyType = 1;
			remoteGlobalIDString = 8A5825E02BDE3D2A005AF515;
			remoteInfo = TreasureHunt;
		};
/* End PBXContainerItemProxy section */

/* Begin PBXFileReference section */
		8A5825E12BDE3D2A005AF515 /* TreasureHunt.app */ = {isa = PBXFileReference; explicitFileType = wrapper.application; includeInIndex = 0; path = TreasureHunt.app; sourceTree = BUILT_PRODUCTS_DIR; };
		8A5825E42BDE3D2A005AF515 /* AppDelegate.swift */ = {isa = PBXFileReference; lastKnownFileType = sourcecode.swift; path = AppDelegate.swift; sourceTree = "<group>"; };
		8A5825E62BDE3D2A005AF515 /* art.scnassets */ = {isa = PBXFileReference; lastKnownFileType = wrapper.scnassets; path = art.scnassets; sourceTree = "<group>"; };
		8A5825E82BDE3D2A005AF515 /* ViewController.swift */ = {isa = PBXFileReference; lastKnownFileType = sourcecode.swift; path = ViewController.swift; sourceTree = "<group>"; };
		8A5825EB2BDE3D2A005AF515 /* Base */ = {isa = PBXFileReference; lastKnownFileType = file.storyboard; name = Base; path = Base.lproj/Main.storyboard; sourceTree = "<group>"; };
		8A5825ED2BDE3D2B005AF515 /* Assets.xcassets */ = {isa = PBXFileReference; lastKnownFileType = folder.assetcatalog; path = Assets.xcassets; sourceTree = "<group>"; };
		8A5825F02BDE3D2B005AF515 /* Base */ = {isa = PBXFileReference; lastKnownFileType = file.storyboard; name = Base; path = Base.lproj/LaunchScreen.storyboard; sourceTree = "<group>"; };
		8A5825F62BDE3D2B005AF515 /* TreasureHuntTests.xctest */ = {isa = PBXFileReference; explicitFileType = wrapper.cfbundle; includeInIndex = 0; path = TreasureHuntTests.xctest; sourceTree = BUILT_PRODUCTS_DIR; };
		8A5825FA2BDE3D2B005AF515 /* TreasureHuntTests.swift */ = {isa = PBXFileReference; lastKnownFileType = sourcecode.swift; path = TreasureHuntTests.swift; sourceTree = "<group>"; };
		8A5826002BDE3D2B005AF515 /* TreasureHuntUITests.xctest */ = {isa = PBXFileReference; explicitFileType = wrapper.cfbundle; includeInIndex = 0; path = TreasureHuntUITests.xctest; sourceTree = BUILT_PRODUCTS_DIR; };
		8A5826042BDE3D2B005AF515 /* TreasureHuntUITests.swift */ = {isa = PBXFileReference; lastKnownFileType = sourcecode.swift; path = TreasureHuntUITests.swift; sourceTree = "<group>"; };
		8A5826062BDE3D2B005AF515 /* TreasureHuntUITestsLaunchTests.swift */ = {isa = PBXFileReference; lastKnownFileType = sourcecode.swift; path = TreasureHuntUITestsLaunchTests.swift; sourceTree = "<group>"; };
/* End PBXFileReference section */

/* Begin PBXFrameworksBuildPhase section */
		8A5825DE2BDE3D2A005AF515 /* Frameworks */ = {
			isa = PBXFrameworksBuildPhase;
			buildActionMask = 2147483647;
			files = (
			);
			runOnlyForDeploymentPostprocessing = 0;
		};
		8A5825F32BDE3D2B005AF515 /* Frameworks */ = {
			isa = PBXFrameworksBuildPhase;
			buildActionMask = 2147483647;
			files = (
			);
			runOnlyForDeploymentPostprocessing = 0;
		};
		8A5825FD2BDE3D2B005AF515 /* Frameworks */ = {
			isa = PBXFrameworksBuildPhase;
			buildActionMask = 2147483647;
			files = (
			);
			runOnlyForDeploymentPostprocessing = 0;
		};
/* End PBXFrameworksBuildPhase section */

/* Begin PBXGroup section */
		8A5825D82BDE3D2A005AF515 = {
			isa = PBXGroup;
			children = (
				8A5825E32BDE3D2A005AF515 /* TreasureHunt */,
				8A5825F92BDE3D2B005AF515 /* TreasureHuntTests */,
				8A5826032BDE3D2B005AF515 /* TreasureHuntUITests */,
				8A5825E22BDE3D2A005AF515 /* Products */,
			);
			sourceTree = "<group>";
		};
		8A5825E22BDE3D2A005AF515 /* Products */ = {
			isa = PBXGroup;
			children = (
				8A5825E12BDE3D2A005AF515 /* TreasureHunt.app */,
				8A5825F62BDE3D2B005AF515 /* TreasureHuntTests.xctest */,
				8A5826002BDE3D2B005AF515 /* TreasureHuntUITests.xctest */,
			);
			name = Products;
			sourceTree = "<group>";
		};
		8A5825E32BDE3D2A005AF515 /* TreasureHunt */ = {
			isa = PBXGroup;
			children = (
				8A5825E42BDE3D2A005AF515 /* AppDelegate.swift */,
				8A5825E62BDE3D2A005AF515 /* art.scnassets */,
				8A5825E82BDE3D2A005AF515 /* ViewController.swift */,
				8A5825EA2BDE3D2A005AF515 /* Main.storyboard */,
				8A5825ED2BDE3D2B005AF515 /* Assets.xcassets */,
				8A5825EF2BDE3D2B005AF515 /* LaunchScreen.storyboard */,
			);
			path = TreasureHunt;
			sourceTree = "<group>";
		};
		8A5825F92BDE3D2B005AF515 /* TreasureHuntTests */ = {
			isa = PBXGroup;
			children = (
				8A5825FA2BDE3D2B005AF515 /* TreasureHuntTests.swift */,
			);
			path = TreasureHuntTests;
			sourceTree = "<group>";
		};
		8A5826032BDE3D2B005AF515 /* TreasureHuntUITests */ = {
			isa = PBXGroup;
			children = (
				8A5826042BDE3D2B005AF515 /* TreasureHuntUITests.swift */,
				8A5826062BDE3D2B005AF515 /* TreasureHuntUITestsLaunchTests.swift */,
			);
			path = TreasureHuntUITests;
			sourceTree = "<group>";
		};
/* End PBXGroup section */

/* Begin PBXNativeTarget section */
		8A5825E02BDE3D2A005AF515 /* TreasureHunt */ = {
			isa = PBXNativeTarget;
			buildConfigurationList = 8A58260A2BDE3D2B005AF515 /* Build configuration list for PBXNativeTarget "TreasureHunt" */;
			buildPhases = (
				8A5825DD2BDE3D2A005AF515 /* Sources */,
				8A5825DE2BDE3D2A005AF515 /* Frameworks */,
				8A5825DF2BDE3D2A005AF515 /* Resources */,
			);
			buildRules = (
			);
			dependencies = (
			);
			name = TreasureHunt;
			productName = TreasureHunt;
			productReference = 8A5825E12BDE3D2A005AF515 /* TreasureHunt.app */;
			productType = "com.apple.product-type.application";
		};
		8A5825F52BDE3D2B005AF515 /* TreasureHuntTests */ = {
			isa = PBXNativeTarget;
			buildConfigurationList = 8A58260D2BDE3D2B005AF515 /* Build configuration list for PBXNativeTarget "TreasureHuntTests" */;
			buildPhases = (
				8A5825F22BDE3D2B005AF515 /* Sources */,
				8A5825F32BDE3D2B005AF515 /* Frameworks */,
				8A5825F42BDE3D2B005AF515 /* Resources */,
			);
			buildRules = (
			);
			dependencies = (
				8A5825F82BDE3D2B005AF515 /* PBXTargetDependency */,
			);
			name = TreasureHuntTests;
			productName = TreasureHuntTests;
			productReference = 8A5825F62BDE3D2B005AF515 /* TreasureHuntTests.xctest */;
			productType = "com.apple.product-type.bundle.unit-test";
		};
		8A5825FF2BDE3D2B005AF515 /* TreasureHuntUITests */ = {
			isa = PBXNativeTarget;
			buildConfigurationList = 8A5826102BDE3D2B005AF515 /* Build configuration list for PBXNativeTarget "TreasureHuntUITests" */;
			buildPhases = (
				8A5825FC2BDE3D2B005AF515 /* Sources */,
				8A5825FD2BDE3D2B005AF515 /* Frameworks */,
				8A5825FE2BDE3D2B005AF515 /* Resources */,
			);
			buildRules = (
			);
			dependencies = (
				8A5826022BDE3D2B005AF515 /* PBXTargetDependency */,
			);
			name = TreasureHuntUITests;
			productName = TreasureHuntUITests;
			productReference = 8A5826002BDE3D2B005AF515 /* TreasureHuntUITests.xctest */;
			productType = "com.apple.product-type.bundle.ui-testing";
		};
/* End PBXNativeTarget section */

/* Begin PBXProject section */
		8A5825D92BDE3D2A005AF515 /* Project object */ = {
			isa = PBXProject;
			attributes = {
				BuildIndependentTargetsInParallel = 1;
				LastSwiftUpdateCheck = 1530;
				LastUpgradeCheck = 1530;
				TargetAttributes = {
					8A5825E02BDE3D2A005AF515 = {
						CreatedOnToolsVersion = 15.3;
					};
					8A5825F52BDE3D2B005AF515 = {
						CreatedOnToolsVersion = 15.3;
						TestTargetID = 8A5825E02BDE3D2A005AF515;
					};
					8A5825FF2BDE3D2B005AF515 = {
						CreatedOnToolsVersion = 15.3;
						TestTargetID = 8A5825E02BDE3D2A005AF515;
					};
				};
			};
			buildConfigurationList = 8A5825DC2BDE3D2A005AF515 /* Build configuration list for PBXProject "TreasureHunt" */;
			compatibilityVersion = "Xcode 14.0";
			developmentRegion = en;
			hasScannedForEncodings = 0;
			knownRegions = (
				en,
				Base,
			);
			mainGroup = 8A5825D82BDE3D2A005AF515;
			productRefGroup = 8A5825E22BDE3D2A005AF515 /* Products */;
			projectDirPath = "";
			projectRoot = "";
			targets = (
				8A5825E02BDE3D2A005AF515 /* TreasureHunt */,
				8A5825F52BDE3D2B005AF515 /* TreasureHuntTests */,
				8A5825FF2BDE3D2B005AF515 /* TreasureHuntUITests */,
			);
		};
/* End PBXProject section */

/* Begin PBXResourcesBuildPhase section */
		8A5825DF2BDE3D2A005AF515 /* Resources */ = {
			isa = PBXResourcesBuildPhase;
			buildActionMask = 2147483647;
			files = (
				8A5825E72BDE3D2A005AF515 /* art.scnassets in Resources */,
				8A5825EE2BDE3D2B005AF515 /* Assets.xcassets in Resources */,
				8A5825EC2BDE3D2A005AF515 /* Base in Resources */,
				8A5825F12BDE3D2B005AF515 /* Base in Resources */,
			);
			runOnlyForDeploymentPostprocessing = 0;
		};
		8A5825F42BDE3D2B005AF515 /* Resources */ = {
			isa = PBXResourcesBuildPhase;
			buildActionMask = 2147483647;
			files = (
			);
			runOnlyForDeploymentPostprocessing = 0;
		};
		8A5825FE2BDE3D2B005AF515 /* Resources */ = {
			isa = PBXResourcesBuildPhase;
			buildActionMask = 2147483647;
			files = (
			);
			runOnlyForDeploymentPostprocessing = 0;
		};
/* End PBXResourcesBuildPhase section */

/* Begin PBXSourcesBuildPhase section */
		8A5825DD2BDE3D2A005AF515 /* Sources */ = {
			isa = PBXSourcesBuildPhase;
			buildActionMask = 2147483647;
			files = (
				8A5825E92BDE3D2A005AF515 /* ViewController.swift in Sources */,
				8A5825E52BDE3D2A005AF515 /* AppDelegate.swift in Sources */,
			);
			runOnlyForDeploymentPostprocessing = 0;
		};
		8A5825F22BDE3D2B005AF515 /* Sources */ = {
			isa = PBXSourcesBuildPhase;
			buildActionMask = 2147483647;
			files = (
				8A5825FB2BDE3D2B005AF515 /* TreasureHuntTests.swift in Sources */,
			);
			runOnlyForDeploymentPostprocessing = 0;
		};
		8A5825FC2BDE3D2B005AF515 /* Sources */ = {
			isa = PBXSourcesBuildPhase;
			buildActionMask = 2147483647;
			files = (
				8A5826072BDE3D2B005AF515 /* TreasureHuntUITestsLaunchTests.swift in Sources */,
				8A5826052BDE3D2B005AF515 /* TreasureHuntUITests.swift in Sources */,
			);
			runOnlyForDeploymentPostprocessing = 0;
		};
/* End PBXSourcesBuildPhase section */

/* Begin PBXTargetDependency section */
		8A5825F82BDE3D2B005AF515 /* PBXTargetDependency */ = {
			isa = PBXTargetDependency;
			target = 8A5825E02BDE3D2A005AF515 /* TreasureHunt */;
			targetProxy = 8A5825F72BDE3D2B005AF515 /* PBXContainerItemProxy */;
		};
		8A5826022BDE3D2B005AF515 /* PBXTargetDependency */ = {
			isa = PBXTargetDependency;
			target = 8A5825E02BDE3D2A005AF515 /* TreasureHunt */;
			targetProxy = 8A5826012BDE3D2B005AF515 /* PBXContainerItemProxy */;
		};
/* End PBXTargetDependency section */

/* Begin PBXVariantGroup section */
		8A5825EA2BDE3D2A005AF515 /* Main.storyboard */ = {
			isa = PBXVariantGroup;
			children = (
				8A5825EB2BDE3D2A005AF515 /* Base */,
			);
			name = Main.storyboard;
			sourceTree = "<group>";
		};
		8A5825EF2BDE3D2B005AF515 /* LaunchScreen.storyboard */ = {
			isa = PBXVariantGroup;
			children = (
				8A5825F02BDE3D2B005AF515 /* Base */,
			);
			name = LaunchScreen.storyboard;
			sourceTree = "<group>";
		};
/* End PBXVariantGroup section */

/* Begin XCBuildConfiguration section */
		8A5826082BDE3D2B005AF515 /* Debug */ = {
			isa = XCBuildConfiguration;
			buildSettings = {
				ALWAYS_SEARCH_USER_PATHS = NO;
				ASSETCATALOG_COMPILER_GENERATE_SWIFT_ASSET_SYMBOL_EXTENSIONS = YES;
				CLANG_ANALYZER_NONNULL = YES;
				CLANG_ANALYZER_NUMBER_OBJECT_CONVERSION = YES_AGGRESSIVE;
				CLANG_CXX_LANGUAGE_STANDARD = "gnu++20";
				CLANG_ENABLE_MODULES = YES;
				CLANG_ENABLE_OBJC_ARC = YES;
				CLANG_ENABLE_OBJC_WEAK = YES;
				CLANG_WARN_BLOCK_CAPTURE_AUTORELEASING = YES;
				CLANG_WARN_BOOL_CONVERSION = YES;
				CLANG_WARN_COMMA = YES;
				CLANG_WARN_CONSTANT_CONVERSION = YES;
				CLANG_WARN_DEPRECATED_OBJC_IMPLEMENTATIONS = YES;
				CLANG_WARN_DIRECT_OBJC_ISA_USAGE = YES_ERROR;
				CLANG_WARN_DOCUMENTATION_COMMENTS = YES;
				CLANG_WARN_EMPTY_BODY = YES;
				CLANG_WARN_ENUM_CONVERSION = YES;
				CLANG_WARN_INFINITE_RECURSION = YES;
				CLANG_WARN_INT_CONVERSION = YES;
				CLANG_WARN_NON_LITERAL_NULL_CONVERSION = YES;
				CLANG_WARN_OBJC_IMPLICIT_RETAIN_SELF = YES;
				CLANG_WARN_OBJC_LITERAL_CONVERSION = YES;
				CLANG_WARN_OBJC_ROOT_CLASS = YES_ERROR;
				CLANG_WARN_QUOTED_INCLUDE_IN_FRAMEWORK_HEADER = YES;
				CLANG_WARN_RANGE_LOOP_ANALYSIS = YES;
				CLANG_WARN_STRICT_PROTOTYPES = YES;
				CLANG_WARN_SUSPICIOUS_MOVE = YES;
				CLANG_WARN_UNGUARDED_AVAILABILITY = YES_AGGRESSIVE;
				CLANG_WARN_UNREACHABLE_CODE = YES;
				CLANG_WARN__DUPLICATE_METHOD_MATCH = YES;
				COPY_PHASE_STRIP = NO;
				DEBUG_INFORMATION_FORMAT = dwarf;
				ENABLE_STRICT_OBJC_MSGSEND = YES;
				ENABLE_TESTABILITY = YES;
				ENABLE_USER_SCRIPT_SANDBOXING = YES;
				GCC_C_LANGUAGE_STANDARD = gnu17;
				GCC_DYNAMIC_NO_PIC = NO;
				GCC_NO_COMMON_BLOCKS = YES;
				GCC_OPTIMIZATION_LEVEL = 0;
				GCC_PREPROCESSOR_DEFINITIONS = (
					"DEBUG=1",
					"$(inherited)",
				);
				GCC_WARN_64_TO_32_BIT_CONVERSION = YES;
				GCC_WARN_ABOUT_RETURN_TYPE = YES_ERROR;
				GCC_WARN_UNDECLARED_SELECTOR = YES;
				GCC_WARN_UNINITIALIZED_AUTOS = YES_AGGRESSIVE;
				GCC_WARN_UNUSED_FUNCTION = YES;
				GCC_WARN_UNUSED_VARIABLE = YES;
				IPHONEOS_DEPLOYMENT_TARGET = 17.4;
				LOCALIZATION_PREFERS_STRING_CATALOGS = YES;
				MTL_ENABLE_DEBUG_INFO = INCLUDE_SOURCE;
				MTL_FAST_MATH = YES;
				ONLY_ACTIVE_ARCH = YES;
				SDKROOT = iphoneos;
				SWIFT_ACTIVE_COMPILATION_CONDITIONS = "DEBUG $(inherited)";
				SWIFT_OPTIMIZATION_LEVEL = "-Onone";
			};
			name = Debug;
		};
		8A5826092BDE3D2B005AF515 /* Release */ = {
			isa = XCBuildConfiguration;
			buildSettings = {
				ALWAYS_SEARCH_USER_PATHS = NO;
				ASSETCATALOG_COMPILER_GENERATE_SWIFT_ASSET_SYMBOL_EXTENSIONS = YES;
				CLANG_ANALYZER_NONNULL = YES;
				CLANG_ANALYZER_NUMBER_OBJECT_CONVERSION = YES_AGGRESSIVE;
				CLANG_CXX_LANGUAGE_STANDARD = "gnu++20";
				CLANG_ENABLE_MODULES = YES;
				CLANG_ENABLE_OBJC_ARC = YES;
				CLANG_ENABLE_OBJC_WEAK = YES;
				CLANG_WARN_BLOCK_CAPTURE_AUTORELEASING = YES;
				CLANG_WARN_BOOL_CONVERSION = YES;
				CLANG_WARN_COMMA = YES;
				CLANG_WARN_CONSTANT_CONVERSION = YES;
				CLANG_WARN_DEPRECATED_OBJC_IMPLEMENTATIONS = YES;
				CLANG_WARN_DIRECT_OBJC_ISA_USAGE = YES_ERROR;
				CLANG_WARN_DOCUMENTATION_COMMENTS = YES;
				CLANG_WARN_EMPTY_BODY = YES;
				CLANG_WARN_ENUM_CONVERSION = YES;
				CLANG_WARN_INFINITE_RECURSION = YES;
				CLANG_WARN_INT_CONVERSION = YES;
				CLANG_WARN_NON_LITERAL_NULL_CONVERSION = YES;
				CLANG_WARN_OBJC_IMPLICIT_RETAIN_SELF = YES;
				CLANG_WARN_OBJC_LITERAL_CONVERSION = YES;
				CLANG_WARN_OBJC_ROOT_CLASS = YES_ERROR;
				CLANG_WARN_QUOTED_INCLUDE_IN_FRAMEWORK_HEADER = YES;
				CLANG_WARN_RANGE_LOOP_ANALYSIS = YES;
				CLANG_WARN_STRICT_PROTOTYPES = YES;
				CLANG_WARN_SUSPICIOUS_MOVE = YES;
				CLANG_WARN_UNGUARDED_AVAILABILITY = YES_AGGRESSIVE;
				CLANG_WARN_UNREACHABLE_CODE = YES;
				CLANG_WARN__DUPLICATE_METHOD_MATCH = YES;
				COPY_PHASE_STRIP = NO;
				DEBUG_INFORMATION_FORMAT = "dwarf-with-dsym";
				ENABLE_NS_ASSERTIONS = NO;
				ENABLE_STRICT_OBJC_MSGSEND = YES;
				ENABLE_USER_SCRIPT_SANDBOXING = YES;
				GCC_C_LANGUAGE_STANDARD = gnu17;
				GCC_NO_COMMON_BLOCKS = YES;
				GCC_WARN_64_TO_32_BIT_CONVERSION = YES;
				GCC_WARN_ABOUT_RETURN_TYPE = YES_ERROR;
				GCC_WARN_UNDECLARED_SELECTOR = YES;
				GCC_WARN_UNINITIALIZED_AUTOS = YES_AGGRESSIVE;
				GCC_WARN_UNUSED_FUNCTION = YES;
				GCC_WARN_UNUSED_VARIABLE = YES;
				IPHONEOS_DEPLOYMENT_TARGET = 17.4;
				LOCALIZATION_PREFERS_STRING_CATALOGS = YES;
				MTL_ENABLE_DEBUG_INFO = NO;
				MTL_FAST_MATH = YES;
				SDKROOT = iphoneos;
				SWIFT_COMPILATION_MODE = wholemodule;
				VALIDATE_PRODUCT = YES;
			};
			name = Release;
		};
		8A58260B2BDE3D2B005AF515 /* Debug */ = {
			isa = XCBuildConfiguration;
			buildSettings = {
				ASSETCATALOG_COMPILER_APPICON_NAME = AppIcon;
				ASSETCATALOG_COMPILER_GLOBAL_ACCENT_COLOR_NAME = AccentColor;
				CODE_SIGN_STYLE = Automatic;
				CURRENT_PROJECT_VERSION = 1;
				DEVELOPMENT_TEAM = 2N2A4XFHX4;
				GENERATE_INFOPLIST_FILE = YES;
				INFOPLIST_KEY_NSCameraUsageDescription = "";
				INFOPLIST_KEY_UIApplicationSupportsIndirectInputEvents = YES;
				INFOPLIST_KEY_UILaunchStoryboardName = LaunchScreen;
				INFOPLIST_KEY_UIMainStoryboardFile = Main;
				INFOPLIST_KEY_UIRequiredDeviceCapabilities = arkit;
				INFOPLIST_KEY_UIStatusBarHidden = YES;
				INFOPLIST_KEY_UISupportedInterfaceOrientations_iPad = "UIInterfaceOrientationPortrait UIInterfaceOrientationPortraitUpsideDown UIInterfaceOrientationLandscapeLeft UIInterfaceOrientationLandscapeRight";
				INFOPLIST_KEY_UISupportedInterfaceOrientations_iPhone = "UIInterfaceOrientationPortrait UIInterfaceOrientationLandscapeLeft UIInterfaceOrientationLandscapeRight";
				LD_RUNPATH_SEARCH_PATHS = (
					"$(inherited)",
					"@executable_path/Frameworks",
				);
				MARKETING_VERSION = 1.0;
				PRODUCT_BUNDLE_IDENTIFIER = sabach.TreasureHunt;
				PRODUCT_NAME = "$(TARGET_NAME)";
				SWIFT_EMIT_LOC_STRINGS = YES;
				SWIFT_VERSION = 5.0;
				TARGETED_DEVICE_FAMILY = "1,2";
			};
			name = Debug;
		};
		8A58260C2BDE3D2B005AF515 /* Release */ = {
			isa = XCBuildConfiguration;
			buildSettings = {
				ASSETCATALOG_COMPILER_APPICON_NAME = AppIcon;
				ASSETCATALOG_COMPILER_GLOBAL_ACCENT_COLOR_NAME = AccentColor;
				CODE_SIGN_STYLE = Automatic;
				CURRENT_PROJECT_VERSION = 1;
				DEVELOPMENT_TEAM = 2N2A4XFHX4;
				GENERATE_INFOPLIST_FILE = YES;
				INFOPLIST_KEY_NSCameraUsageDescription = "";
				INFOPLIST_KEY_UIApplicationSupportsIndirectInputEvents = YES;
				INFOPLIST_KEY_UILaunchStoryboardName = LaunchScreen;
				INFOPLIST_KEY_UIMainStoryboardFile = Main;
				INFOPLIST_KEY_UIRequiredDeviceCapabilities = arkit;
				INFOPLIST_KEY_UIStatusBarHidden = YES;
				INFOPLIST_KEY_UISupportedInterfaceOrientations_iPad = "UIInterfaceOrientationPortrait UIInterfaceOrientationPortraitUpsideDown UIInterfaceOrientationLandscapeLeft UIInterfaceOrientationLandscapeRight";
				INFOPLIST_KEY_UISupportedInterfaceOrientations_iPhone = "UIInterfaceOrientationPortrait UIInterfaceOrientationLandscapeLeft UIInterfaceOrientationLandscapeRight";
				LD_RUNPATH_SEARCH_PATHS = (
					"$(inherited)",
					"@executable_path/Frameworks",
				);
				MARKETING_VERSION = 1.0;
				PRODUCT_BUNDLE_IDENTIFIER = sabach.TreasureHunt;
				PRODUCT_NAME = "$(TARGET_NAME)";
				SWIFT_EMIT_LOC_STRINGS = YES;
				SWIFT_VERSION = 5.0;
				TARGETED_DEVICE_FAMILY = "1,2";
			};
			name = Release;
		};
		8A58260E2BDE3D2B005AF515 /* Debug */ = {
			isa = XCBuildConfiguration;
			buildSettings = {
				ALWAYS_EMBED_SWIFT_STANDARD_LIBRARIES = YES;
				BUNDLE_LOADER = "$(TEST_HOST)";
				CODE_SIGN_STYLE = Automatic;
				CURRENT_PROJECT_VERSION = 1;
				DEVELOPMENT_TEAM = 2N2A4XFHX4;
				GENERATE_INFOPLIST_FILE = YES;
				IPHONEOS_DEPLOYMENT_TARGET = 17.4;
				MARKETING_VERSION = 1.0;
				PRODUCT_BUNDLE_IDENTIFIER = sabach.TreasureHuntTests;
				PRODUCT_NAME = "$(TARGET_NAME)";
				SWIFT_EMIT_LOC_STRINGS = NO;
				SWIFT_VERSION = 5.0;
				TARGETED_DEVICE_FAMILY = "1,2";
				TEST_HOST = "$(BUILT_PRODUCTS_DIR)/TreasureHunt.app/$(BUNDLE_EXECUTABLE_FOLDER_PATH)/TreasureHunt";
			};
			name = Debug;
		};
		8A58260F2BDE3D2B005AF515 /* Release */ = {
			isa = XCBuildConfiguration;
			buildSettings = {
				ALWAYS_EMBED_SWIFT_STANDARD_LIBRARIES = YES;
				BUNDLE_LOADER = "$(TEST_HOST)";
				CODE_SIGN_STYLE = Automatic;
				CURRENT_PROJECT_VERSION = 1;
				DEVELOPMENT_TEAM = 2N2A4XFHX4;
				GENERATE_INFOPLIST_FILE = YES;
				IPHONEOS_DEPLOYMENT_TARGET = 17.4;
				MARKETING_VERSION = 1.0;
				PRODUCT_BUNDLE_IDENTIFIER = sabach.TreasureHuntTests;
				PRODUCT_NAME = "$(TARGET_NAME)";
				SWIFT_EMIT_LOC_STRINGS = NO;
				SWIFT_VERSION = 5.0;
				TARGETED_DEVICE_FAMILY = "1,2";
				TEST_HOST = "$(BUILT_PRODUCTS_DIR)/TreasureHunt.app/$(BUNDLE_EXECUTABLE_FOLDER_PATH)/TreasureHunt";
			};
			name = Release;
		};
		8A5826112BDE3D2B005AF515 /* Debug */ = {
			isa = XCBuildConfiguration;
			buildSettings = {
				ALWAYS_EMBED_SWIFT_STANDARD_LIBRARIES = YES;
				CODE_SIGN_STYLE = Automatic;
				CURRENT_PROJECT_VERSION = 1;
				DEVELOPMENT_TEAM = 2N2A4XFHX4;
				GENERATE_INFOPLIST_FILE = YES;
				MARKETING_VERSION = 1.0;
				PRODUCT_BUNDLE_IDENTIFIER = sabach.TreasureHuntUITests;
				PRODUCT_NAME = "$(TARGET_NAME)";
				SWIFT_EMIT_LOC_STRINGS = NO;
				SWIFT_VERSION = 5.0;
				TARGETED_DEVICE_FAMILY = "1,2";
				TEST_TARGET_NAME = TreasureHunt;
			};
			name = Debug;
		};
		8A5826122BDE3D2B005AF515 /* Release */ = {
			isa = XCBuildConfiguration;
			buildSettings = {
				ALWAYS_EMBED_SWIFT_STANDARD_LIBRARIES = YES;
				CODE_SIGN_STYLE = Automatic;
				CURRENT_PROJECT_VERSION = 1;
				DEVELOPMENT_TEAM = 2N2A4XFHX4;
				GENERATE_INFOPLIST_FILE = YES;
				MARKETING_VERSION = 1.0;
				PRODUCT_BUNDLE_IDENTIFIER = sabach.TreasureHuntUITests;
				PRODUCT_NAME = "$(TARGET_NAME)";
				SWIFT_EMIT_LOC_STRINGS = NO;
				SWIFT_VERSION = 5.0;
				TARGETED_DEVICE_FAMILY = "1,2";
				TEST_TARGET_NAME = TreasureHunt;
			};
			name = Release;
		};
/* End XCBuildConfiguration section */

/* Begin XCConfigurationList section */
		8A5825DC2BDE3D2A005AF515 /* Build configuration list for PBXProject "TreasureHunt" */ = {
			isa = XCConfigurationList;
			buildConfigurations = (
				8A5826082BDE3D2B005AF515 /* Debug */,
				8A5826092BDE3D2B005AF515 /* Release */,
			);
			defaultConfigurationIsVisible = 0;
			defaultConfigurationName = Release;
		};
		8A58260A2BDE3D2B005AF515 /* Build configuration list for PBXNativeTarget "TreasureHunt" */ = {
			isa = XCConfigurationList;
			buildConfigurations = (
				8A58260B2BDE3D2B005AF515 /* Debug */,
				8A58260C2BDE3D2B005AF515 /* Release */,
			);
			defaultConfigurationIsVisible = 0;
			defaultConfigurationName = Release;
		};
		8A58260D2BDE3D2B005AF515 /* Build configuration list for PBXNativeTarget "TreasureHuntTests" */ = {
			isa = XCConfigurationList;
			buildConfigurations = (
				8A58260E2BDE3D2B005AF515 /* Debug */,
				8A58260F2BDE3D2B005AF515 /* Release */,
			);
			defaultConfigurationIsVisible = 0;
			defaultConfigurationName = Release;
		};
		8A5826102BDE3D2B005AF515 /* Build configuration list for PBXNativeTarget "TreasureHuntUITests" */ = {
			isa = XCConfigurationList;
			buildConfigurations = (
				8A5826112BDE3D2B005AF515 /* Debug */,
				8A5826122BDE3D2B005AF515 /* Release */,
			);
			defaultConfigurationIsVisible = 0;
			defaultConfigurationName = Release;
		};
/* End XCConfigurationList section */
	};
	rootObject = 8A5825D92BDE3D2A005AF515 /* Project object */;
}
